Microsoft Visual Studio Solution File, Format Version 12.00
# Visual Studio 2013
VisualStudioVersion = 12.0.40629.0
MinimumVisualStudioVersion = 10.0.40219.1
Project("{8BC9CEB8-8B4A-11D0-8D11-00A0C91BC942}") = "ALL_BUILD", "ALL_BUILD.vcxproj", "{5C112650-29A5-391C-850F-21AB771BE706}"
	ProjectSection(ProjectDependencies) = postProject
		{F78C6C50-3DC4-3EAD-B03A-6F2A413FCA0E} = {F78C6C50-3DC4-3EAD-B03A-6F2A413FCA0E}
		{FDF81C84-EC1D-360B-B185-4FB30A057D17} = {FDF81C84-EC1D-360B-B185-4FB30A057D17}
	EndProjectSection
EndProject
Project("{8BC9CEB8-8B4A-11D0-8D11-00A0C91BC942}") = "ZERO_CHECK", "ZERO_CHECK.vcxproj", "{F78C6C50-3DC4-3EAD-B03A-6F2A413FCA0E}"
EndProject
Project("{8BC9CEB8-8B4A-11D0-8D11-00A0C91BC942}") = "icp", "icp.vcxproj", "{FDF81C84-EC1D-360B-B185-4FB30A057D17}"
	ProjectSection(ProjectDependencies) = postProject
		{F78C6C50-3DC4-3EAD-B03A-6F2A413FCA0E} = {F78C6C50-3DC4-3EAD-B03A-6F2A413FCA0E}
	EndProjectSection
EndProject
Global
	GlobalSection(SolutionConfigurationPlatforms) = preSolution
		Debug|Win32 = Debug|Win32
		MinSizeRel|Win32 = MinSizeRel|Win32
		Release|Win32 = Release|Win32
		RelWithDebInfo|Win32 = RelWithDebInfo|Win32
	EndGlobalSection
	GlobalSection(ProjectConfigurationPlatforms) = postSolution
		{5C112650-29A5-391C-850F-21AB771BE706}.Debug|Win32.ActiveCfg = Debug|Win32
		{5C112650-29A5-391C-850F-21AB771BE706}.Debug|Win32.Build.0 = Debug|Win32
		{5C112650-29A5-391C-850F-21AB771BE706}.Debug|Win32.Deploy.0 = Debug|Win32
		{5C112650-29A5-391C-850F-21AB771BE706}.MinSizeRel|Win32.ActiveCfg = MinSizeRel|Win32
		{5C112650-29A5-391C-850F-21AB771BE706}.Release|Win32.ActiveCfg = Release|Win32
		{5C112650-29A5-391C-850F-21AB771BE706}.Release|Win32.Build.0 = Release|Win32
		{5C112650-29A5-391C-850F-21AB771BE706}.RelWithDebInfo|Win32.ActiveCfg = RelWithDebInfo|Win32
		{F78C6C50-3DC4-3EAD-B03A-6F2A413FCA0E}.Debug|Win32.ActiveCfg = Debug|Win32
		{F78C6C50-3DC4-3EAD-B03A-6F2A413FCA0E}.Debug|Win32.Build.0 = Debug|Win32
		{F78C6C50-3DC4-3EAD-B03A-6F2A413FCA0E}.MinSizeRel|Win32.ActiveCfg = MinSizeRel|Win32
		{F78C6C50-3DC4-3EAD-B03A-6F2A413FCA0E}.MinSizeRel|Win32.Build.0 = MinSizeRel|Win32
		{F78C6C50-3DC4-3EAD-B03A-6F2A413FCA0E}.Release|Win32.ActiveCfg = Release|Win32
		{F78C6C50-3DC4-3EAD-B03A-6F2A413FCA0E}.Release|Win32.Build.0 = Release|Win32
		{F78C6C50-3DC4-3EAD-B03A-6F2A413FCA0E}.RelWithDebInfo|Win32.ActiveCfg = RelWithDebInfo|Win32
		{F78C6C50-3DC4-3EAD-B03A-6F2A413FCA0E}.RelWithDebInfo|Win32.Build.0 = RelWithDebInfo|Win32
		{FDF81C84-EC1D-360B-B185-4FB30A057D17}.Debug|Win32.ActiveCfg = Debug|Win32
		{FDF81C84-EC1D-360B-B185-4FB30A057D17}.Debug|Win32.Build.0 = Debug|Win32
		{FDF81C84-EC1D-360B-B185-4FB30A057D17}.MinSizeRel|Win32.ActiveCfg = MinSizeRel|Win32
		{FDF81C84-EC1D-360B-B185-4FB30A057D17}.MinSizeRel|Win32.Build.0 = MinSizeRel|Win32
		{FDF81C84-EC1D-360B-B185-4FB30A057D17}.Release|Win32.ActiveCfg = Release|Win32
		{FDF81C84-EC1D-360B-B185-4FB30A057D17}.Release|Win32.Build.0 = Release|Win32
		{FDF81C84-EC1D-360B-B185-4FB30A057D17}.RelWithDebInfo|Win32.ActiveCfg = RelWithDebInfo|Win32
		{FDF81C84-EC1D-360B-B185-4FB30A057D17}.RelWithDebInfo|Win32.Build.0 = RelWithDebInfo|Win32
	EndGlobalSection
	GlobalSection(SolutionProperties) = preSolution
		HideSolutionNode = FALSE
	EndGlobalSection
EndGlobal
